// !$*UTF8*$!
{
	archiveVersion = 1;
	classes = {
	};
	objectVersion = 52;
	objects = {

/* Begin PBXBuildFile section */
		5319B6602359727500B62E2C /* AppDelegate.swift in Sources */ = {isa = PBXBuildFile; fileRef = 5319B65F2359727500B62E2C /* AppDelegate.swift */; };
		5319B6632359727500B62E2C /* Luddite.xcdatamodeld in Sources */ = {isa = PBXBuildFile; fileRef = 5319B6612359727500B62E2C /* Luddite.xcdatamodeld */; };
		5319B6652359727600B62E2C /* Assets.xcassets in Resources */ = {isa = PBXBuildFile; fileRef = 5319B6642359727600B62E2C /* Assets.xcassets */; };
		5319B6682359727600B62E2C /* MainMenu.xib in Resources */ = {isa = PBXBuildFile; fileRef = 5319B6662359727600B62E2C /* MainMenu.xib */; };
		5319B673235973BA00B62E2C /* MainWC.swift in Sources */ = {isa = PBXBuildFile; fileRef = 5319B672235973BA00B62E2C /* MainWC.swift */; };
		5319B675235973F000B62E2C /* MainVC.swift in Sources */ = {isa = PBXBuildFile; fileRef = 5319B674235973F000B62E2C /* MainVC.swift */; };
		5319B6782359746200B62E2C /* NSView+Ext.swift in Sources */ = {isa = PBXBuildFile; fileRef = 5319B6772359746200B62E2C /* NSView+Ext.swift */; };
		5319B67B2359808000B62E2C /* NSImage+Ext.swift in Sources */ = {isa = PBXBuildFile; fileRef = 5319B67A2359808000B62E2C /* NSImage+Ext.swift */; };
		5319B67D235983A500B62E2C /* ToolBarVC.swift in Sources */ = {isa = PBXBuildFile; fileRef = 5319B67C235983A500B62E2C /* ToolBarVC.swift */; };
		5319B67F2359884000B62E2C /* NSColor+Ext.swift in Sources */ = {isa = PBXBuildFile; fileRef = 5319B67E2359884000B62E2C /* NSColor+Ext.swift */; };
		531CCF172364C6E2005B7126 /* CreatePostVC.swift in Sources */ = {isa = PBXBuildFile; fileRef = 531CCF152364C6E1005B7126 /* CreatePostVC.swift */; };
		531CCF182364C6E2005B7126 /* EditorVC.swift in Sources */ = {isa = PBXBuildFile; fileRef = 531CCF162364C6E2005B7126 /* EditorVC.swift */; };
		536732CD235AF3B5009D50E4 /* NSTextView+Ext.swift in Sources */ = {isa = PBXBuildFile; fileRef = 536732CC235AF3B5009D50E4 /* NSTextView+Ext.swift */; };
		536D98A223641E4D0004AE3F /* Environment.swift in Sources */ = {isa = PBXBuildFile; fileRef = 536D98A023641E4D0004AE3F /* Environment.swift */; };
		536D98A323641E4D0004AE3F /* Database.swift in Sources */ = {isa = PBXBuildFile; fileRef = 536D98A123641E4D0004AE3F /* Database.swift */; };
		536D98A62364236B0004AE3F /* SidebarVC.swift in Sources */ = {isa = PBXBuildFile; fileRef = 536D98A52364236B0004AE3F /* SidebarVC.swift */; };
		5370DFB123811F33001E2E13 /* Preferences.swift in Sources */ = {isa = PBXBuildFile; fileRef = 5370DFB023811F33001E2E13 /* Preferences.swift */; };
		5370DFB32381286C001E2E13 /* SiteGenerator.swift in Sources */ = {isa = PBXBuildFile; fileRef = 5370DFB22381286C001E2E13 /* SiteGenerator.swift */; };
		5370EF06236E5352003C1582 /* Post+Ext.swift in Sources */ = {isa = PBXBuildFile; fileRef = 5370EF05236E5352003C1582 /* Post+Ext.swift */; };
		5370EF08236E9FF1003C1582 /* Date+Ext.swift in Sources */ = {isa = PBXBuildFile; fileRef = 5370EF07236E9FF1003C1582 /* Date+Ext.swift */; };
		537E545723779C35001F2100 /* NSWindow+Ext.swift in Sources */ = {isa = PBXBuildFile; fileRef = 537E545623779C35001F2100 /* NSWindow+Ext.swift */; };
		5383BA522362C49F00391ECC /* CloudKit.framework in Frameworks */ = {isa = PBXBuildFile; fileRef = 5383BA512362C49F00391ECC /* CloudKit.framework */; };
		53ED126123656FA100A807E5 /* EmptyVC.swift in Sources */ = {isa = PBXBuildFile; fileRef = 53ED126023656FA100A807E5 /* EmptyVC.swift */; };
		53ED12632365720000A807E5 /* NSTextField+Ext.swift in Sources */ = {isa = PBXBuildFile; fileRef = 53ED12622365720000A807E5 /* NSTextField+Ext.swift */; };
		53ED126523657F7A00A807E5 /* PreviewVC.swift in Sources */ = {isa = PBXBuildFile; fileRef = 53ED126423657F7A00A807E5 /* PreviewVC.swift */; };
		53ED12682365857700A807E5 /* style.css in Resources */ = {isa = PBXBuildFile; fileRef = 53ED12672365857700A807E5 /* style.css */; };
		53ED126A23658B1200A807E5 /* ContainerVC.swift in Sources */ = {isa = PBXBuildFile; fileRef = 53ED126923658B1200A807E5 /* ContainerVC.swift */; };
/* End PBXBuildFile section */

/* Begin PBXFileReference section */
		5319B65C2359727500B62E2C /* Luddite.app */ = {isa = PBXFileReference; explicitFileType = wrapper.application; includeInIndex = 0; path = Luddite.app; sourceTree = BUILT_PRODUCTS_DIR; };
		5319B65F2359727500B62E2C /* AppDelegate.swift */ = {isa = PBXFileReference; lastKnownFileType = sourcecode.swift; path = AppDelegate.swift; sourceTree = "<group>"; };
		5319B6622359727500B62E2C /* Luddite.xcdatamodel */ = {isa = PBXFileReference; lastKnownFileType = wrapper.xcdatamodel; path = Luddite.xcdatamodel; sourceTree = "<group>"; };
		5319B6642359727600B62E2C /* Assets.xcassets */ = {isa = PBXFileReference; lastKnownFileType = folder.assetcatalog; path = Assets.xcassets; sourceTree = "<group>"; };
		5319B6672359727600B62E2C /* Base */ = {isa = PBXFileReference; lastKnownFileType = file.xib; name = Base; path = Base.lproj/MainMenu.xib; sourceTree = "<group>"; };
		5319B6692359727600B62E2C /* Info.plist */ = {isa = PBXFileReference; lastKnownFileType = text.plist.xml; path = Info.plist; sourceTree = "<group>"; };
		5319B66A2359727600B62E2C /* Luddite.entitlements */ = {isa = PBXFileReference; lastKnownFileType = text.plist.entitlements; path = Luddite.entitlements; sourceTree = "<group>"; };
		5319B672235973BA00B62E2C /* MainWC.swift */ = {isa = PBXFileReference; lastKnownFileType = sourcecode.swift; path = MainWC.swift; sourceTree = "<group>"; };
		5319B674235973F000B62E2C /* MainVC.swift */ = {isa = PBXFileReference; lastKnownFileType = sourcecode.swift; path = MainVC.swift; sourceTree = "<group>"; };
		5319B6772359746200B62E2C /* NSView+Ext.swift */ = {isa = PBXFileReference; lastKnownFileType = sourcecode.swift; path = "NSView+Ext.swift"; sourceTree = "<group>"; };
		5319B67A2359808000B62E2C /* NSImage+Ext.swift */ = {isa = PBXFileReference; lastKnownFileType = sourcecode.swift; path = "NSImage+Ext.swift"; sourceTree = "<group>"; };
		5319B67C235983A500B62E2C /* ToolBarVC.swift */ = {isa = PBXFileReference; lastKnownFileType = sourcecode.swift; path = ToolBarVC.swift; sourceTree = "<group>"; };
		5319B67E2359884000B62E2C /* NSColor+Ext.swift */ = {isa = PBXFileReference; lastKnownFileType = sourcecode.swift; path = "NSColor+Ext.swift"; sourceTree = "<group>"; };
		531CCF152364C6E1005B7126 /* CreatePostVC.swift */ = {isa = PBXFileReference; fileEncoding = 4; lastKnownFileType = sourcecode.swift; path = CreatePostVC.swift; sourceTree = "<group>"; };
		531CCF162364C6E2005B7126 /* EditorVC.swift */ = {isa = PBXFileReference; fileEncoding = 4; lastKnownFileType = sourcecode.swift; path = EditorVC.swift; sourceTree = "<group>"; };
		536732CC235AF3B5009D50E4 /* NSTextView+Ext.swift */ = {isa = PBXFileReference; lastKnownFileType = sourcecode.swift; path = "NSTextView+Ext.swift"; sourceTree = "<group>"; };
		536D98A023641E4D0004AE3F /* Environment.swift */ = {isa = PBXFileReference; fileEncoding = 4; lastKnownFileType = sourcecode.swift; path = Environment.swift; sourceTree = "<group>"; };
		536D98A123641E4D0004AE3F /* Database.swift */ = {isa = PBXFileReference; fileEncoding = 4; lastKnownFileType = sourcecode.swift; path = Database.swift; sourceTree = "<group>"; };
		536D98A52364236B0004AE3F /* SidebarVC.swift */ = {isa = PBXFileReference; lastKnownFileType = sourcecode.swift; path = SidebarVC.swift; sourceTree = "<group>"; };
		5370DFB023811F33001E2E13 /* Preferences.swift */ = {isa = PBXFileReference; lastKnownFileType = sourcecode.swift; path = Preferences.swift; sourceTree = "<group>"; };
		5370DFB22381286C001E2E13 /* SiteGenerator.swift */ = {isa = PBXFileReference; lastKnownFileType = sourcecode.swift; path = SiteGenerator.swift; sourceTree = "<group>"; };
		5370EF05236E5352003C1582 /* Post+Ext.swift */ = {isa = PBXFileReference; lastKnownFileType = sourcecode.swift; path = "Post+Ext.swift"; sourceTree = "<group>"; };
		5370EF07236E9FF1003C1582 /* Date+Ext.swift */ = {isa = PBXFileReference; lastKnownFileType = sourcecode.swift; path = "Date+Ext.swift"; sourceTree = "<group>"; };
		537E545623779C35001F2100 /* NSWindow+Ext.swift */ = {isa = PBXFileReference; lastKnownFileType = sourcecode.swift; path = "NSWindow+Ext.swift"; sourceTree = "<group>"; };
		5383BA512362C49F00391ECC /* CloudKit.framework */ = {isa = PBXFileReference; lastKnownFileType = wrapper.framework; name = CloudKit.framework; path = System/Library/Frameworks/CloudKit.framework; sourceTree = SDKROOT; };
		53ED126023656FA100A807E5 /* EmptyVC.swift */ = {isa = PBXFileReference; lastKnownFileType = sourcecode.swift; path = EmptyVC.swift; sourceTree = "<group>"; };
		53ED12622365720000A807E5 /* NSTextField+Ext.swift */ = {isa = PBXFileReference; lastKnownFileType = sourcecode.swift; path = "NSTextField+Ext.swift"; sourceTree = "<group>"; };
		53ED126423657F7A00A807E5 /* PreviewVC.swift */ = {isa = PBXFileReference; lastKnownFileType = sourcecode.swift; path = PreviewVC.swift; sourceTree = "<group>"; };
		53ED12672365857700A807E5 /* style.css */ = {isa = PBXFileReference; lastKnownFileType = text.css; path = style.css; sourceTree = "<group>"; };
		53ED126923658B1200A807E5 /* ContainerVC.swift */ = {isa = PBXFileReference; lastKnownFileType = sourcecode.swift; path = ContainerVC.swift; sourceTree = "<group>"; };
/* End PBXFileReference section */

/* Begin PBXFrameworksBuildPhase section */
		5319B6592359727500B62E2C /* Frameworks */ = {
			isa = PBXFrameworksBuildPhase;
			buildActionMask = 2147483647;
			files = (
				5383BA522362C49F00391ECC /* CloudKit.framework in Frameworks */,
			);
			runOnlyForDeploymentPostprocessing = 0;
		};
/* End PBXFrameworksBuildPhase section */

/* Begin PBXGroup section */
		5319B6532359727500B62E2C = {
			isa = PBXGroup;
			children = (
				5319B65E2359727500B62E2C /* Luddite */,
				5319B65D2359727500B62E2C /* Products */,
				5383BA502362C49F00391ECC /* Frameworks */,
			);
			sourceTree = "<group>";
		};
		5319B65D2359727500B62E2C /* Products */ = {
			isa = PBXGroup;
			children = (
				5319B65C2359727500B62E2C /* Luddite.app */,
			);
			name = Products;
			sourceTree = "<group>";
		};
		5319B65E2359727500B62E2C /* Luddite */ = {
			isa = PBXGroup;
			children = (
				5319B65F2359727500B62E2C /* AppDelegate.swift */,
				5352FF0223641D8300707D4F /* Component */,
				5352FF0323641D9E00707D4F /* Extensions */,
				536D98A42364232E0004AE3F /* MainWindow */,
				536D989F23641E1D0004AE3F /* Services */,
				5319B6702359736C00B62E2C /* Support Files */,
			);
			path = Luddite;
			sourceTree = "<group>";
		};
		5319B6702359736C00B62E2C /* Support Files */ = {
			isa = PBXGroup;
			children = (
				5319B6642359727600B62E2C /* Assets.xcassets */,
				5319B6662359727600B62E2C /* MainMenu.xib */,
				5319B6692359727600B62E2C /* Info.plist */,
				5319B66A2359727600B62E2C /* Luddite.entitlements */,
				5319B6612359727500B62E2C /* Luddite.xcdatamodeld */,
			);
			name = "Support Files";
			sourceTree = "<group>";
		};
		5352FF0223641D8300707D4F /* Component */ = {
			isa = PBXGroup;
			children = (
				5319B67C235983A500B62E2C /* ToolBarVC.swift */,
			);
			path = Component;
			sourceTree = "<group>";
		};
		5352FF0323641D9E00707D4F /* Extensions */ = {
			isa = PBXGroup;
			children = (
				5370EF07236E9FF1003C1582 /* Date+Ext.swift */,
				5319B67E2359884000B62E2C /* NSColor+Ext.swift */,
				5319B67A2359808000B62E2C /* NSImage+Ext.swift */,
				53ED12622365720000A807E5 /* NSTextField+Ext.swift */,
				536732CC235AF3B5009D50E4 /* NSTextView+Ext.swift */,
				5319B6772359746200B62E2C /* NSView+Ext.swift */,
				537E545623779C35001F2100 /* NSWindow+Ext.swift */,
			);
			path = Extensions;
			sourceTree = "<group>";
		};
		536D989F23641E1D0004AE3F /* Services */ = {
			isa = PBXGroup;
			children = (
				536D98A123641E4D0004AE3F /* Database.swift */,
				536D98A023641E4D0004AE3F /* Environment.swift */,
				5370EF05236E5352003C1582 /* Post+Ext.swift */,
				5370DFB023811F33001E2E13 /* Preferences.swift */,
				5370DFB22381286C001E2E13 /* SiteGenerator.swift */,
			);
			path = Services;
			sourceTree = "<group>";
		};
		536D98A42364232E0004AE3F /* MainWindow */ = {
			isa = PBXGroup;
			children = (
				53ED126923658B1200A807E5 /* ContainerVC.swift */,
				531CCF152364C6E1005B7126 /* CreatePostVC.swift */,
				531CCF162364C6E2005B7126 /* EditorVC.swift */,
				53ED126023656FA100A807E5 /* EmptyVC.swift */,
				5319B674235973F000B62E2C /* MainVC.swift */,
				5319B672235973BA00B62E2C /* MainWC.swift */,
				53ED126423657F7A00A807E5 /* PreviewVC.swift */,
				536D98A52364236B0004AE3F /* SidebarVC.swift */,
				53ED12662365855F00A807E5 /* Resources */,
			);
			path = MainWindow;
			sourceTree = "<group>";
		};
		5383BA502362C49F00391ECC /* Frameworks */ = {
			isa = PBXGroup;
			children = (
				5383BA512362C49F00391ECC /* CloudKit.framework */,
			);
			name = Frameworks;
			sourceTree = "<group>";
		};
		53ED12662365855F00A807E5 /* Resources */ = {
			isa = PBXGroup;
			children = (
				53ED12672365857700A807E5 /* style.css */,
			);
			path = Resources;
			sourceTree = "<group>";
		};
/* End PBXGroup section */

/* Begin PBXNativeTarget section */
		5319B65B2359727500B62E2C /* Luddite */ = {
			isa = PBXNativeTarget;
			buildConfigurationList = 5319B66D2359727600B62E2C /* Build configuration list for PBXNativeTarget "Luddite" */;
			buildPhases = (
				5319B6582359727500B62E2C /* Sources */,
				5319B6592359727500B62E2C /* Frameworks */,
				5319B65A2359727500B62E2C /* Resources */,
			);
			buildRules = (
			);
			dependencies = (
			);
			name = Luddite;
			productName = Luddite;
			productReference = 5319B65C2359727500B62E2C /* Luddite.app */;
			productType = "com.apple.product-type.application";
		};
/* End PBXNativeTarget section */

/* Begin PBXProject section */
		5319B6542359727500B62E2C /* Project object */ = {
			isa = PBXProject;
			attributes = {
				LastSwiftUpdateCheck = 1110;
				LastUpgradeCheck = 1120;
				ORGANIZATIONNAME = Zentrope;
				TargetAttributes = {
					5319B65B2359727500B62E2C = {
						CreatedOnToolsVersion = 11.1;
					};
				};
			};
			buildConfigurationList = 5319B6572359727500B62E2C /* Build configuration list for PBXProject "Luddite" */;
			compatibilityVersion = "Xcode 11.0";
			developmentRegion = en;
			hasScannedForEncodings = 0;
			knownRegions = (
				en,
				Base,
			);
			mainGroup = 5319B6532359727500B62E2C;
			productRefGroup = 5319B65D2359727500B62E2C /* Products */;
			projectDirPath = "";
			projectRoot = "";
			targets = (
				5319B65B2359727500B62E2C /* Luddite */,
			);
		};
/* End PBXProject section */

/* Begin PBXResourcesBuildPhase section */
		5319B65A2359727500B62E2C /* Resources */ = {
			isa = PBXResourcesBuildPhase;
			buildActionMask = 2147483647;
			files = (
				5319B6652359727600B62E2C /* Assets.xcassets in Resources */,
				53ED12682365857700A807E5 /* style.css in Resources */,
				5319B6682359727600B62E2C /* MainMenu.xib in Resources */,
			);
			runOnlyForDeploymentPostprocessing = 0;
		};
/* End PBXResourcesBuildPhase section */

/* Begin PBXSourcesBuildPhase section */
		5319B6582359727500B62E2C /* Sources */ = {
			isa = PBXSourcesBuildPhase;
			buildActionMask = 2147483647;
			files = (
				5370DFB32381286C001E2E13 /* SiteGenerator.swift in Sources */,
				5319B67F2359884000B62E2C /* NSColor+Ext.swift in Sources */,
				5370EF06236E5352003C1582 /* Post+Ext.swift in Sources */,
				536D98A323641E4D0004AE3F /* Database.swift in Sources */,
				531CCF172364C6E2005B7126 /* CreatePostVC.swift in Sources */,
				5319B6602359727500B62E2C /* AppDelegate.swift in Sources */,
				5319B675235973F000B62E2C /* MainVC.swift in Sources */,
				5319B6782359746200B62E2C /* NSView+Ext.swift in Sources */,
				53ED12632365720000A807E5 /* NSTextField+Ext.swift in Sources */,
				53ED126523657F7A00A807E5 /* PreviewVC.swift in Sources */,
				5319B673235973BA00B62E2C /* MainWC.swift in Sources */,
				536732CD235AF3B5009D50E4 /* NSTextView+Ext.swift in Sources */,
				5319B67D235983A500B62E2C /* ToolBarVC.swift in Sources */,
				5319B67B2359808000B62E2C /* NSImage+Ext.swift in Sources */,
				53ED126A23658B1200A807E5 /* ContainerVC.swift in Sources */,
				53ED126123656FA100A807E5 /* EmptyVC.swift in Sources */,
				536D98A62364236B0004AE3F /* SidebarVC.swift in Sources */,
				5370DFB123811F33001E2E13 /* Preferences.swift in Sources */,
				5319B6632359727500B62E2C /* Luddite.xcdatamodeld in Sources */,
				537E545723779C35001F2100 /* NSWindow+Ext.swift in Sources */,
				536D98A223641E4D0004AE3F /* Environment.swift in Sources */,
				531CCF182364C6E2005B7126 /* EditorVC.swift in Sources */,
				5370EF08236E9FF1003C1582 /* Date+Ext.swift in Sources */,
			);
			runOnlyForDeploymentPostprocessing = 0;
		};
/* End PBXSourcesBuildPhase section */

/* Begin PBXVariantGroup section */
		5319B6662359727600B62E2C /* MainMenu.xib */ = {
			isa = PBXVariantGroup;
			children = (
				5319B6672359727600B62E2C /* Base */,
			);
			name = MainMenu.xib;
			sourceTree = "<group>";
		};
/* End PBXVariantGroup section */

/* Begin XCBuildConfiguration section */
		5319B66B2359727600B62E2C /* Debug */ = {
			isa = XCBuildConfiguration;
			buildSettings = {
				ALWAYS_SEARCH_USER_PATHS = NO;
				CLANG_ANALYZER_NONNULL = YES;
				CLANG_ANALYZER_NUMBER_OBJECT_CONVERSION = YES_AGGRESSIVE;
				CLANG_CXX_LANGUAGE_STANDARD = "gnu++14";
				CLANG_CXX_LIBRARY = "libc++";
				CLANG_ENABLE_MODULES = YES;
				CLANG_ENABLE_OBJC_ARC = YES;
				CLANG_ENABLE_OBJC_WEAK = YES;
				CLANG_WARN_BLOCK_CAPTURE_AUTORELEASING = YES;
				CLANG_WARN_BOOL_CONVERSION = YES;
				CLANG_WARN_COMMA = YES;
				CLANG_WARN_CONSTANT_CONVERSION = YES;
				CLANG_WARN_DEPRECATED_OBJC_IMPLEMENTATIONS = YES;
				CLANG_WARN_DIRECT_OBJC_ISA_USAGE = YES_ERROR;
				CLANG_WARN_DOCUMENTATION_COMMENTS = YES;
				CLANG_WARN_EMPTY_BODY = YES;
				CLANG_WARN_ENUM_CONVERSION = YES;
				CLANG_WARN_INFINITE_RECURSION = YES;
				CLANG_WARN_INT_CONVERSION = YES;
				CLANG_WARN_NON_LITERAL_NULL_CONVERSION = YES;
				CLANG_WARN_OBJC_IMPLICIT_RETAIN_SELF = YES;
				CLANG_WARN_OBJC_LITERAL_CONVERSION = YES;
				CLANG_WARN_OBJC_ROOT_CLASS = YES_ERROR;
				CLANG_WARN_RANGE_LOOP_ANALYSIS = YES;
				CLANG_WARN_STRICT_PROTOTYPES = YES;
				CLANG_WARN_SUSPICIOUS_MOVE = YES;
				CLANG_WARN_UNGUARDED_AVAILABILITY = YES_AGGRESSIVE;
				CLANG_WARN_UNREACHABLE_CODE = YES;
				CLANG_WARN__DUPLICATE_METHOD_MATCH = YES;
				COPY_PHASE_STRIP = NO;
				DEBUG_INFORMATION_FORMAT = dwarf;
				ENABLE_STRICT_OBJC_MSGSEND = YES;
				ENABLE_TESTABILITY = YES;
				GCC_C_LANGUAGE_STANDARD = gnu11;
				GCC_DYNAMIC_NO_PIC = NO;
				GCC_NO_COMMON_BLOCKS = YES;
				GCC_OPTIMIZATION_LEVEL = 0;
				GCC_PREPROCESSOR_DEFINITIONS = (
					"DEBUG=1",
					"$(inherited)",
				);
				GCC_WARN_64_TO_32_BIT_CONVERSION = YES;
				GCC_WARN_ABOUT_RETURN_TYPE = YES_ERROR;
				GCC_WARN_UNDECLARED_SELECTOR = YES;
				GCC_WARN_UNINITIALIZED_AUTOS = YES_AGGRESSIVE;
				GCC_WARN_UNUSED_FUNCTION = YES;
				GCC_WARN_UNUSED_VARIABLE = YES;
				MACOSX_DEPLOYMENT_TARGET = 10.15.1;
				MTL_ENABLE_DEBUG_INFO = INCLUDE_SOURCE;
				MTL_FAST_MATH = YES;
				ONLY_ACTIVE_ARCH = YES;
				SDKROOT = macosx;
				SWIFT_ACTIVE_COMPILATION_CONDITIONS = DEBUG;
				SWIFT_OPTIMIZATION_LEVEL = "-Onone";
			};
			name = Debug;
		};
		5319B66C2359727600B62E2C /* Release */ = {
			isa = XCBuildConfiguration;
			buildSettings = {
				ALWAYS_SEARCH_USER_PATHS = NO;
				CLANG_ANALYZER_NONNULL = YES;
				CLANG_ANALYZER_NUMBER_OBJECT_CONVERSION = YES_AGGRESSIVE;
				CLANG_CXX_LANGUAGE_STANDARD = "gnu++14";
				CLANG_CXX_LIBRARY = "libc++";
				CLANG_ENABLE_MODULES = YES;
				CLANG_ENABLE_OBJC_ARC = YES;
				CLANG_ENABLE_OBJC_WEAK = YES;
				CLANG_WARN_BLOCK_CAPTURE_AUTORELEASING = YES;
				CLANG_WARN_BOOL_CONVERSION = YES;
				CLANG_WARN_COMMA = YES;
				CLANG_WARN_CONSTANT_CONVERSION = YES;
				CLANG_WARN_DEPRECATED_OBJC_IMPLEMENTATIONS = YES;
				CLANG_WARN_DIRECT_OBJC_ISA_USAGE = YES_ERROR;
				CLANG_WARN_DOCUMENTATION_COMMENTS = YES;
				CLANG_WARN_EMPTY_BODY = YES;
				CLANG_WARN_ENUM_CONVERSION = YES;
				CLANG_WARN_INFINITE_RECURSION = YES;
				CLANG_WARN_INT_CONVERSION = YES;
				CLANG_WARN_NON_LITERAL_NULL_CONVERSION = YES;
				CLANG_WARN_OBJC_IMPLICIT_RETAIN_SELF = YES;
				CLANG_WARN_OBJC_LITERAL_CONVERSION = YES;
				CLANG_WARN_OBJC_ROOT_CLASS = YES_ERROR;
				CLANG_WARN_RANGE_LOOP_ANALYSIS = YES;
				CLANG_WARN_STRICT_PROTOTYPES = YES;
				CLANG_WARN_SUSPICIOUS_MOVE = YES;
				CLANG_WARN_UNGUARDED_AVAILABILITY = YES_AGGRESSIVE;
				CLANG_WARN_UNREACHABLE_CODE = YES;
				CLANG_WARN__DUPLICATE_METHOD_MATCH = YES;
				COPY_PHASE_STRIP = NO;
				DEBUG_INFORMATION_FORMAT = "dwarf-with-dsym";
				ENABLE_NS_ASSERTIONS = NO;
				ENABLE_STRICT_OBJC_MSGSEND = YES;
				GCC_C_LANGUAGE_STANDARD = gnu11;
				GCC_NO_COMMON_BLOCKS = YES;
				GCC_WARN_64_TO_32_BIT_CONVERSION = YES;
				GCC_WARN_ABOUT_RETURN_TYPE = YES_ERROR;
				GCC_WARN_UNDECLARED_SELECTOR = YES;
				GCC_WARN_UNINITIALIZED_AUTOS = YES_AGGRESSIVE;
				GCC_WARN_UNUSED_FUNCTION = YES;
				GCC_WARN_UNUSED_VARIABLE = YES;
				MACOSX_DEPLOYMENT_TARGET = 10.15.1;
				MTL_ENABLE_DEBUG_INFO = NO;
				MTL_FAST_MATH = YES;
				SDKROOT = macosx;
				SWIFT_COMPILATION_MODE = wholemodule;
				SWIFT_OPTIMIZATION_LEVEL = "-O";
			};
			name = Release;
		};
		5319B66E2359727600B62E2C /* Debug */ = {
			isa = XCBuildConfiguration;
			buildSettings = {
				ASSETCATALOG_COMPILER_APPICON_NAME = AppIcon;
				CODE_SIGN_ENTITLEMENTS = Luddite/Luddite.entitlements;
				CODE_SIGN_IDENTITY = "Apple Development";
				CODE_SIGN_STYLE = Automatic;
				COMBINE_HIDPI_IMAGES = YES;
				DEVELOPMENT_TEAM = 5Y5389EUC6;
				ENABLE_HARDENED_RUNTIME = YES;
				INFOPLIST_FILE = Luddite/Info.plist;
				LD_RUNPATH_SEARCH_PATHS = (
					"$(inherited)",
					"@executable_path/../Frameworks",
				);
				MACOSX_DEPLOYMENT_TARGET = 10.15;
				PRODUCT_BUNDLE_IDENTIFIER = com.zentrope.Luddite;
				PRODUCT_NAME = "$(TARGET_NAME)";
				SWIFT_VERSION = 5.0;
			};
			name = Debug;
		};
		5319B66F2359727600B62E2C /* Release */ = {
			isa = XCBuildConfiguration;
			buildSettings = {
				ASSETCATALOG_COMPILER_APPICON_NAME = AppIcon;
				CODE_SIGN_ENTITLEMENTS = Luddite/Luddite.entitlements;
				CODE_SIGN_IDENTITY = "Apple Development";
				CODE_SIGN_STYLE = Automatic;
				COMBINE_HIDPI_IMAGES = YES;
				DEVELOPMENT_TEAM = 5Y5389EUC6;
				ENABLE_HARDENED_RUNTIME = YES;
				INFOPLIST_FILE = Luddite/Info.plist;
				LD_RUNPATH_SEARCH_PATHS = (
					"$(inherited)",
					"@executable_path/../Frameworks",
				);
				MACOSX_DEPLOYMENT_TARGET = 10.15;
				PRODUCT_BUNDLE_IDENTIFIER = com.zentrope.Luddite;
				PRODUCT_NAME = "$(TARGET_NAME)";
				SWIFT_VERSION = 5.0;
			};
			name = Release;
		};
/* End XCBuildConfiguration section */

/* Begin XCConfigurationList section */
		5319B6572359727500B62E2C /* Build configuration list for PBXProject "Luddite" */ = {
			isa = XCConfigurationList;
			buildConfigurations = (
				5319B66B2359727600B62E2C /* Debug */,
				5319B66C2359727600B62E2C /* Release */,
			);
			defaultConfigurationIsVisible = 0;
			defaultConfigurationName = Release;
		};
		5319B66D2359727600B62E2C /* Build configuration list for PBXNativeTarget "Luddite" */ = {
			isa = XCConfigurationList;
			buildConfigurations = (
				5319B66E2359727600B62E2C /* Debug */,
				5319B66F2359727600B62E2C /* Release */,
			);
			defaultConfigurationIsVisible = 0;
			defaultConfigurationName = Release;
		};
/* End XCConfigurationList section */

/* Begin XCVersionGroup section */
		5319B6612359727500B62E2C /* Luddite.xcdatamodeld */ = {
			isa = XCVersionGroup;
			children = (
				5319B6622359727500B62E2C /* Luddite.xcdatamodel */,
			);
			currentVersion = 5319B6622359727500B62E2C /* Luddite.xcdatamodel */;
			path = Luddite.xcdatamodeld;
			sourceTree = "<group>";
			versionGroupType = wrapper.xcdatamodel;
		};
/* End XCVersionGroup section */
	};
	rootObject = 5319B6542359727500B62E2C /* Project object */;
}
